
Microsoft Visual Studio Solution File, Format Version 12.00
# Visual Studio Version 17
VisualStudioVersion = 17.7.34031.279
MinimumVisualStudioVersion = 10.0.40219.1
Project("{9A19103F-16F7-4668-BE54-9A1E7A4F7556}") = "SistemaFacturacion", "SistemaFacturacion.csproj", "{DD4B89FF-CBE3-46C3-89B5-D535A423CEE2}"
EndProject
Project("{FAE04EC0-301F-11D3-BF4B-00C04F79EFBC}") = "SistemaFacturacion.Modelo", "..\SistemaFacturacion.Modelo\SistemaFacturacion.Modelo.csproj", "{A8EB540B-9720-4E01-BF9A-535F2AE127EE}"
EndProject
Project("{FAE04EC0-301F-11D3-BF4B-00C04F79EFBC}") = "SistemaFacturacion.Datos", "..\SistemaFacturacion.Datos\SistemaFacturacion.Datos.csproj", "{B67917BA-6741-406B-B70F-C562EAB86665}"
EndProject
Project("{FAE04EC0-301F-11D3-BF4B-00C04F79EFBC}") = "SistemaFacturacion.Utilidades", "..\SistemaFacturacion.Utilidades\SistemaFacturacion.Utilidades.csproj", "{27852E85-0011-4D55-866D-C632ED537252}"
EndProject
Project("{FAE04EC0-301F-11D3-BF4B-00C04F79EFBC}") = "SistemaFacturacion.Controlador", "..\SistemaFacturacion.Controlador\SistemaFacturacion.Controlador.csproj", "{78D13EAD-97F6-4C93-957D-C60DAC4DE214}"
EndProject
Global
	GlobalSection(SolutionConfigurationPlatforms) = preSolution
		Debug|Any CPU = Debug|Any CPU
		Release|Any CPU = Release|Any CPU
	EndGlobalSection
	GlobalSection(ProjectConfigurationPlatforms) = postSolution
		{DD4B89FF-CBE3-46C3-89B5-D535A423CEE2}.Debug|Any CPU.ActiveCfg = Debug|Any CPU
		{DD4B89FF-CBE3-46C3-89B5-D535A423CEE2}.Debug|Any CPU.Build.0 = Debug|Any CPU
		{DD4B89FF-CBE3-46C3-89B5-D535A423CEE2}.Release|Any CPU.ActiveCfg = Release|Any CPU
		{DD4B89FF-CBE3-46C3-89B5-D535A423CEE2}.Release|Any CPU.Build.0 = Release|Any CPU
		{A8EB540B-9720-4E01-BF9A-535F2AE127EE}.Debug|Any CPU.ActiveCfg = Debug|Any CPU
		{A8EB540B-9720-4E01-BF9A-535F2AE127EE}.Debug|Any CPU.Build.0 = Debug|Any CPU
		{A8EB540B-9720-4E01-BF9A-535F2AE127EE}.Release|Any CPU.ActiveCfg = Release|Any CPU
		{A8EB540B-9720-4E01-BF9A-535F2AE127EE}.Release|Any CPU.Build.0 = Release|Any CPU
		{B67917BA-6741-406B-B70F-C562EAB86665}.Debug|Any CPU.ActiveCfg = Debug|Any CPU
		{B67917BA-6741-406B-B70F-C562EAB86665}.Debug|Any CPU.Build.0 = Debug|Any CPU
		{B67917BA-6741-406B-B70F-C562EAB86665}.Release|Any CPU.ActiveCfg = Release|Any CPU
		{B67917BA-6741-406B-B70F-C562EAB86665}.Release|Any CPU.Build.0 = Release|Any CPU
		{27852E85-0011-4D55-866D-C632ED537252}.Debug|Any CPU.ActiveCfg = Debug|Any CPU
		{27852E85-0011-4D55-866D-C632ED537252}.Debug|Any CPU.Build.0 = Debug|Any CPU
		{27852E85-0011-4D55-866D-C632ED537252}.Release|Any CPU.ActiveCfg = Release|Any CPU
		{27852E85-0011-4D55-866D-C632ED537252}.Release|Any CPU.Build.0 = Release|Any CPU
		{78D13EAD-97F6-4C93-957D-C60DAC4DE214}.Debug|Any CPU.ActiveCfg = Debug|Any CPU
		{78D13EAD-97F6-4C93-957D-C60DAC4DE214}.Debug|Any CPU.Build.0 = Debug|Any CPU
		{78D13EAD-97F6-4C93-957D-C60DAC4DE214}.Release|Any CPU.ActiveCfg = Release|Any CPU
		{78D13EAD-97F6-4C93-957D-C60DAC4DE214}.Release|Any CPU.Build.0 = Release|Any CPU
	EndGlobalSection
	GlobalSection(SolutionProperties) = preSolution
		HideSolutionNode = FALSE
	EndGlobalSection
	GlobalSection(ExtensibilityGlobals) = postSolution
		SolutionGuid = {E7688ECF-8879-41CD-A931-74B2C80F87C3}
	EndGlobalSection
EndGlobal
