
Microsoft Visual Studio Solution File, Format Version 12.00
# Visual Studio Version 17
VisualStudioVersion = 17.7.34031.279
MinimumVisualStudioVersion = 10.0.40219.1
Project("{FAE04EC0-301F-11D3-BF4B-00C04F79EFBC}") = "SistemaFacturacion", "SistemaFacturacion.csproj", "{DD4B89FF-CBE3-46C3-89B5-D535A423CEE2}"
EndProject
Global
	GlobalSection(SolutionConfigurationPlatforms) = preSolution
		Debug|Any CPU = Debug|Any CPU
		Release|Any CPU = Release|Any CPU
	EndGlobalSection
	GlobalSection(ProjectConfigurationPlatforms) = postSolution
		{DD4B89FF-CBE3-46C3-89B5-D535A423CEE2}.Debug|Any CPU.ActiveCfg = Debug|Any CPU
		{DD4B89FF-CBE3-46C3-89B5-D535A423CEE2}.Debug|Any CPU.Build.0 = Debug|Any CPU
		{DD4B89FF-CBE3-46C3-89B5-D535A423CEE2}.Release|Any CPU.ActiveCfg = Release|Any CPU
		{DD4B89FF-CBE3-46C3-89B5-D535A423CEE2}.Release|Any CPU.Build.0 = Release|Any CPU
	EndGlobalSection
	GlobalSection(SolutionProperties) = preSolution
		HideSolutionNode = FALSE
	EndGlobalSection
	GlobalSection(ExtensibilityGlobals) = postSolution
		SolutionGuid = {E7688ECF-8879-41CD-A931-74B2C80F87C3}
	EndGlobalSection
EndGlobal
